version = 1
revision = 3
requires-python = "==3.12.*"
resolution-markers = [
    "sys_platform == 'win32'",
    "sys_platform == 'emscripten'",
    "sys_platform != 'emscripten' and sys_platform != 'win32'",
]

[[package]]
name = "backtrader"
version = "1.9.78.123"
source = { registry = "https://pypi.org/simple" }
wheels = [
    { url = "https://files.pythonhosted.org/packages/f3/ef/328c6ec332435f63b3e18febd263686b8ba07e990676a862cc8522ba38f5/backtrader-1.9.78.123-py2.py3-none-any.whl", hash = "sha256:9a07a516b0de9155539a35c56e9404d8711dd7020b3d37b30495e83e1b9d5dfd", size = 419517, upload-time = "2023-04-19T14:13:18.842Z" },
]

[[package]]
name = "exchange-calendars"
version = "4.13.2"
source = { registry = "https://pypi.org/simple" }
dependencies = [
    { name = "korean-lunar-calendar" },
    { name = "numpy" },
    { name = "pandas" },
    { name = "pyluach" },
    { name = "toolz" },
    { name = "tzdata" },
]
sdist = { url = "https://files.pythonhosted.org/packages/47/73/460b0ece4e7444e3098b7738974c822787e134578d069d3a88b4be17d50a/exchange_calendars-4.13.2.tar.gz", hash = "sha256:a9459425dd64142cd54fbc639847403c7e0c33d60fbc326c94fc1d6bd127f002", size = 4137321, upload-time = "2026-03-10T03:24:38.536Z" }
wheels = [
    { url = "https://files.pythonhosted.org/packages/c8/4c/0469b40057bc9f8d9594dcc6024202626b981ae4b52dfcd304552e8e1c3a/exchange_calendars-4.13.2-py3-none-any.whl", hash = "sha256:fc5a2ad0d61b5c3a6539a3061cd4cbb55c59f4a903455cec7926e4b798919996", size = 213306, upload-time = "2026-03-10T03:24:37.055Z" },
]

[[package]]
name = "korean-lunar-calendar"
version = "0.4.0"
source = { registry = "https://pypi.org/simple" }
sdist = { url = "https://files.pythonhosted.org/packages/d5/9f/6160e95f3934026194dc7a0b5c78fe5c6e74761830ddea3e9cfc38e3f983/korean_lunar_calendar-0.4.0.tar.gz", hash = "sha256:be56f27bc0594fdbbdf7bbe00f504a9f929a31e311bd7d9bb93561b645afade7", size = 13425, upload-time = "2026-06-15T14:19:57.163Z" }
wheels = [
    { url = "https://files.pythonhosted.org/packages/c1/88/f56033b09fdca5c8c5e5fc2f3513950a05cd62caa9bd8e6d2750a887c86e/korean_lunar_calendar-0.4.0-py3-none-any.whl", hash = "sha256:c042e20de0bb702add6bec8d0f6da1ea8d3b170838e63846f70420cf341fe4e7", size = 11323, upload-time = "2026-06-15T14:19:56.089Z" },
]

[[package]]
name = "ml4t-backtest"
source = { editable = "../../../" }
dependencies = [
    { name = "ml4t-specs" },
    { name = "numpy" },
    { name = "pandas" },
    { name = "pandas-market-calendars" },
    { name = "polars" },
    { name = "pyyaml" },
]

[package.metadata]
requires-dist = [
    { name = "backtrader", marker = "python_full_version < '3.15' and extra == 'comparison'", specifier = ">=1.9.0" },
    { name = "cvxpy", marker = "extra == 'advanced'", specifier = ">=1.3.0" },
    { name = "cvxpy", marker = "extra == 'all'", specifier = ">=1.3.0" },
    { name = "dash", marker = "extra == 'all'", specifier = ">=2.11.0" },
    { name = "dash", marker = "extra == 'viz'", specifier = ">=2.11.0" },
    { name = "hypothesis", marker = "extra == 'all'", specifier = ">=6.80.0" },
    { name = "hypothesis", marker = "extra == 'dev'", specifier = ">=6.80.0" },
    { name = "matplotlib", marker = "extra == 'all'", specifier = ">=3.7.0" },
    { name = "matplotlib", marker = "extra == 'viz'", specifier = ">=3.7.0" },
    { name = "mkdocs", marker = "extra == 'all'", specifier = ">=1.6,<2" },
    { name = "mkdocs", marker = "extra == 'docs'", specifier = ">=1.6,<2" },
    { name = "mkdocs-material", marker = "extra == 'all'", specifier = ">=9.5.0" },
    { name = "mkdocs-material", marker = "extra == 'docs'", specifier = ">=9.5.0" },
    { name = "mkdocstrings", extras = ["python"], marker = "extra == 'all'", specifier = ">=0.24.0" },
    { name = "mkdocstrings", extras = ["python"], marker = "extra == 'docs'", specifier = ">=0.24.0" },
    { name = "ml4t-diagnostic", marker = "extra == 'all'", specifier = ">=0.1.0b4" },
    { name = "ml4t-diagnostic", marker = "extra == 'dev'", specifier = ">=0.1.0b4" },
    { name = "ml4t-specs", specifier = ">=0.1.4,<0.2" },
    { name = "networkx", marker = "extra == 'advanced'", specifier = ">=3.0" },
    { name = "networkx", marker = "extra == 'all'", specifier = ">=3.0" },
    { name = "numpy", specifier = ">=2.3.2" },
    { name = "pandas", marker = "python_full_version < '3.15'", specifier = ">=2.3.3" },
    { name = "pandas", marker = "python_full_version >= '3.15'", specifier = ">=3.0.5" },
    { name = "pandas-market-calendars", specifier = ">=5.4.0" },
    { name = "plotly", marker = "extra == 'all'", specifier = ">=5.15.0" },
    { name = "plotly", marker = "extra == 'viz'", specifier = ">=5.15.0" },
    { name = "polars", specifier = ">=1.36.1" },
    { name = "pre-commit", marker = "extra == 'all'", specifier = ">=3.3.0" },
    { name = "pre-commit", marker = "extra == 'dev'", specifier = ">=3.3.0" },
    { name = "pyfolio-reloaded", marker = "python_full_version < '3.15' and extra == 'comparison'", specifier = ">=0.9.9" },
    { name = "pytest", marker = "extra == 'all'", specifier = ">=7.4.0" },
    { name = "pytest", marker = "extra == 'dev'", specifier = ">=7.4.0" },
    { name = "pytest-asyncio", marker = "extra == 'all'", specifier = ">=0.21.0" },
    { name = "pytest-asyncio", marker = "extra == 'dev'", specifier = ">=0.21.0" },
    { name = "pytest-benchmark", marker = "extra == 'all'", specifier = ">=4.0.0" },
    { name = "pytest-benchmark", marker = "extra == 'dev'", specifier = ">=4.0.0" },
    { name = "pytest-cov", marker = "extra == 'all'", specifier = ">=4.1.0" },
    { name = "pytest-cov", marker = "extra == 'dev'", specifier = ">=4.1.0" },
    { name = "pytest-timeout", marker = "extra == 'all'", specifier = ">=2.1.0" },
    { name = "pytest-timeout", marker = "extra == 'dev'", specifier = ">=2.1.0" },
    { name = "pytest-xdist", marker = "extra == 'all'", specifier = ">=3.3.0" },
    { name = "pytest-xdist", marker = "extra == 'dev'", specifier = ">=3.3.0" },
    { name = "pyyaml", specifier = ">=6.0.3" },
    { name = "ruff", marker = "extra == 'all'", specifier = ">=0.8.0" },
    { name = "ruff", marker = "extra == 'dev'", specifier = ">=0.8.0" },
    { name = "ty", marker = "extra == 'all'" },
    { name = "ty", marker = "extra == 'dev'" },
    { name = "vectorbt", marker = "python_full_version < '3.15' and extra == 'comparison'", specifier = ">=0.24.0" },
    { name = "zipline-reloaded", marker = "python_full_version < '3.15' and extra == 'comparison'", specifier = ">=2.4.0" },
]
provides-extras = ["advanced", "all", "comparison", "dev", "docs", "viz"]

[package.metadata.requires-dev]
dev = [
    { name = "hypothesis", specifier = ">=6.80.0" },
    { name = "ml4t-diagnostic", specifier = ">=0.1.0b4" },
    { name = "pre-commit", specifier = ">=3.3.0" },
    { name = "pytest", specifier = ">=7.4.0" },
    { name = "pytest-benchmark", specifier = ">=4.0.0" },
    { name = "pytest-cov", specifier = ">=4.1.0" },
    { name = "pytest-timeout", specifier = ">=2.1.0" },
    { name = "pytest-xdist", specifier = ">=3.3.0" },
    { name = "ruff", specifier = ">=0.8.0" },
    { name = "twine", specifier = ">=6.0.0" },
    { name = "ty" },
]
test = [
    { name = "hypothesis", specifier = ">=6.80.0" },
    { name = "pytest", specifier = ">=7.4.0" },
    { name = "pytest-benchmark", specifier = ">=4.0.0" },
    { name = "pytest-cov", specifier = ">=4.1.0" },
    { name = "pytest-timeout", specifier = ">=2.1.0" },
    { name = "pytest-xdist", specifier = ">=3.3.0" },
]

[[package]]
name = "ml4t-backtest-validation-backtrader"
version = "0.0.0"
source = { virtual = "." }
dependencies = [
    { name = "backtrader" },
    { name = "ml4t-backtest" },
]

[package.metadata]
requires-dist = [
    { name = "backtrader", specifier = "==1.9.78.123" },
    { name = "ml4t-backtest", editable = "../../../" },
]

[[package]]
name = "ml4t-specs"
version = "0.1.4"
source = { registry = "https://pypi.org/simple" }
dependencies = [
    { name = "pyyaml" },
]
sdist = { url = "https://files.pythonhosted.org/packages/25/52/ba5c172ef1eddd3727832123dd6abf380ff39d36083ec37864bc488c2bd7/ml4t_specs-0.1.4.tar.gz", hash = "sha256:bc8e417e8049a05847ca30de52a59e28a18539c5e8aef8711dc5d57d7752e0a4", size = 51355, upload-time = "2026-09-03T02:06:36.74Z" }
wheels = [
    { url = "https://files.pythonhosted.org/packages/0e/1f/d03958fb90ac08adc78465e915501b1043ff7d12b68485592dac6139e59a/ml4t_specs-0.1.4-py3-none-any.whl", hash = "sha256:459928f55edb0c62dde535fc391f38446774bca821c5774617d40b50a0289725", size = 34033, upload-time = "2026-09-03T02:06:35.49Z" },
]

[[package]]
name = "numpy"
version = "2.5.2"
source = { registry = "https://pypi.org/simple" }
sdist = { url = "https://files.pythonhosted.org/packages/9a/80/db0b4559e57ec36362bedbb05530a87fafbcb6067708c946967a41d449e7/numpy-2.5.2.tar.gz", hash = "sha256:d482d171c406ae88c5b19cad3b6a1c4c5209f886ab74bc44c2c865c23f52d860", size = 20773161, upload-time = "2026-08-09T13:48:27.962Z" }
wheels = [
    { url = "https://files.pythonhosted.org/packages/69/72/dccb0aaf40972777283303919f613964227266d0c13adebb79ac124f1c3e/numpy-2.5.2-cp312-cp312-macosx_10_13_x86_64.whl", hash = "sha256:14e373cfc6387177e8409dac3c7159be8eb05cd77096cd7c950268b86f62831c", size = 16891693, upload-time = "2026-08-09T13:44:51.702Z" },
    { url = "https://files.pythonhosted.org/packages/60/2e/b5aee50a1f74ac815cf8331812cb8251e29024025de462e0c047641c614c/numpy-2.5.2-cp312-cp312-macosx_11_0_arm64.whl", hash = "sha256:4bbd96c833ecc8cc069ce518078fc8c60cb9cbfb0fea5b7a803ad65035596d03", size = 11903109, upload-time = "2026-08-09T13:44:55.501Z" },
    { url = "https://files.pythonhosted.org/packages/f3/f4/29e78102a80601cf034d4e9767022cffeca2c3b4c926e1754572ca95593d/numpy-2.5.2-cp312-cp312-macosx_14_0_arm64.whl", hash = "sha256:6e8172ddfcf5cf74b811d372b570b83c60bd2de87a6fbfbebdadb4a9bd9c6cbb", size = 5350202, upload-time = "2026-08-09T13:44:58.401Z" },
    { url = "https://files.pythonhosted.org/packages/11/4b/dcd3b7eadaf4035d2c7a4289d232523a6964f602598ef7674e4bd7291f93/numpy-2.5.2-cp312-cp312-macosx_14_0_x86_64.whl", hash = "sha256:65f188481f1669e26f62b701e8205d19e460fa4a9b52a1414ba382330e4a3414", size = 6687736, upload-time = "2026-08-09T13:45:00.813Z" },
    { url = "https://files.pythonhosted.org/packages/e5/21/4947e0e9d6c9fc2e2ff15b8949049ee44f63adb9cacc729ab8793f97e712/numpy-2.5.2-cp312-cp312-manylinux_2_27_aarch64.manylinux_2_28_aarch64.whl", hash = "sha256:8ee9c4eeb8454b3660a8b53493563c3e121c2fc94fbd72b848ef814ed7b676a9", size = 15612696, upload-time = "2026-08-09T13:45:04.151Z" },
    { url = "https://files.pythonhosted.org/packages/3a/5f/62d28cf019460c7f1394105b4d49d9911a9c444cb77ab0bd95a204c5a6de/numpy-2.5.2-cp312-cp312-manylinux_2_27_x86_64.manylinux_2_28_x86_64.whl", hash = "sha256:3cdec01fa790a186d430433fdd4d4ffb70eed6f0eeb4bf05c8dbe2dce0a9bcb8", size = 16722264, upload-time = "2026-08-09T13:45:07.714Z" },
    { url = "https://files.pythonhosted.org/packages/14/25/3f0be4c1b9fdf5dd5e708a6806978564d7c46a055c000496309ff2a2f8af/numpy-2.5.2-cp312-cp312-musllinux_1_2_aarch64.whl", hash = "sha256:7999d4ddb0c4025018373fd787510d46e04c769467af22869707b3c1cfd459ab", size = 16974396, upload-time = "2026-08-09T13:45:11.316Z" },
    { url = "https://files.pythonhosted.org/packages/22/72/6262cbdeeb45da9d971e40715f579d791603ba8ec0b5e2db1ac55454421d/numpy-2.5.2-cp312-cp312-musllinux_1_2_x86_64.whl", hash = "sha256:c1f017dc0875c9209d219f97feceb7d54c2661bb243deb4114478e1295808af7", size = 18476044, upload-time = "2026-08-09T13:45:14.869Z" },
    { url = "https://files.pythonhosted.org/packages/36/33/29208b8b075bde62d26a81d14b358c42b0f69b6cabd98d4ff97f37f22b05/numpy-2.5.2-cp312-cp312-win32.whl", hash = "sha256:d6a48072864e3324e194a8fbb3c657bcc5b5c869dbc64c9537b1d5c862572c0a", size = 6072817, upload-time = "2026-08-09T13:45:17.867Z" },
    { url = "https://files.pythonhosted.org/packages/7f/b9/87fea2769fe1c47c1b5b01d8310772c9d1a85d485de7cf386ef7a3332b02/numpy-2.5.2-cp312-cp312-win_amd64.whl", hash = "sha256:28ac63476ec7651484215ee7fa15a1f78b57c14621f01e392afe17b9a1390ce4", size = 12464674, upload-time = "2026-08-09T13:45:20.734Z" },
    { url = "https://files.pythonhosted.org/packages/14/52/032b97e00461ab0809bbe4c588b035620e5a14b8cdee47ecddefc7b17d33/numpy-2.5.2-cp312-cp312-win_arm64.whl", hash = "sha256:27650bb0e7140fa3d37b9923b4803645e0b125d190f326eecfd3f4dad8e8ade1", size = 10397131, upload-time = "2026-08-09T13:45:23.73Z" },
]

[[package]]
name = "pandas"
version = "3.0.5"
source = { registry = "https://pypi.org/simple" }
dependencies = [
    { name = "numpy" },
    { name = "python-dateutil" },
    { name = "tzdata", marker = "sys_platform == 'emscripten' or sys_platform == 'win32'" },
]
sdist = { url = "https://files.pythonhosted.org/packages/be/4f/5f3422a2afec5ffc46308b79e53291365a93748b498ac2e58bead0197916/pandas-3.0.5.tar.gz", hash = "sha256:dca3734d6ab7c906e6730f0788b0a1dbb9f2467731f9711f77995c8e9d62d712", size = 4658219, upload-time = "2026-07-22T22:19:28.819Z" }
wheels = [
    { url = "https://files.pythonhosted.org/packages/1c/54/1dc810ea558d1320b597aa140a514f2fdf1d2ea09c38cf556f13ea712ec9/pandas-3.0.5-cp312-cp312-macosx_10_13_x86_64.whl", hash = "sha256:fa290c16964d4963fbfbc358928239cf3bd755b20e988ce944877def2f44471d", size = 10411717, upload-time = "2026-07-22T22:18:08.307Z" },
    { url = "https://files.pythonhosted.org/packages/68/56/fbe81c09195924d8b7b8d4461a20458fe80a6a5ed6b24f0314da684277e1/pandas-3.0.5-cp312-cp312-macosx_11_0_arm64.whl", hash = "sha256:c2e26bb46934b8a2ca0c3de1d3d606fc5f6746584791b2db264d58cf370e08dc", size = 9957095, upload-time = "2026-07-22T22:18:10.6Z" },
    { url = "https://files.pythonhosted.org/packages/e0/51/fac252f4a913ed5eabf3c11b880a9e8d5a6c10f0b2129d0462212d238b4d/pandas-3.0.5-cp312-cp312-manylinux_2_24_aarch64.manylinux_2_28_aarch64.whl", hash = "sha256:73fa87b08a7ef706f8aafda39ddaccf2a99047bea62d8c88a0361bcafb2237bc", size = 10485458, upload-time = "2026-07-22T22:18:12.834Z" },
    { url = "https://files.pythonhosted.org/packages/12/98/e976540c1addf70442be7842a18cf70884a964abbf69442504f4d2939989/pandas-3.0.5-cp312-cp312-manylinux_2_24_x86_64.manylinux_2_28_x86_64.whl", hash = "sha256:d373ce03ffd84010ed9839fa73672a9c8256990532e158440c0085db7d914b34", size = 10998091, upload-time = "2026-07-22T22:18:15.209Z" },
    { url = "https://files.pythonhosted.org/packages/a4/8c/1f29b5be8d3fc47dd7567eb167fabba2085879b31e0287ce7cba6d3d2ff4/pandas-3.0.5-cp312-cp312-musllinux_1_2_aarch64.whl", hash = "sha256:2a29c53d85ea98c5e792c59ef82ee9fbe6ca902c0d0adb6b23f45ef894cd7bf6", size = 11499501, upload-time = "2026-07-22T22:18:17.689Z" },
    { url = "https://files.pythonhosted.org/packages/9d/e2/bd9c98ad2df7b38bde002adde4cdf353519da51881634323b126c55997f9/pandas-3.0.5-cp312-cp312-musllinux_1_2_x86_64.whl", hash = "sha256:a5ad3b02ed6bc7d7ae9b70804b2c6aa31827489d150f8e623ce82491b82085d7", size = 12060559, upload-time = "2026-07-22T22:18:20.147Z" },
    { url = "https://files.pythonhosted.org/packages/f3/9a/ffbd852d58bd74a617fe2f8ee6a58a96982271ce41cf981eab22190b4a4b/pandas-3.0.5-cp312-cp312-pyemscripten_2024_0_wasm32.whl", hash = "sha256:b2acb4650527eec6822c3dadb2b771277b65e7dae7a267d4bccf65fd1bb3fbce", size = 7197652, upload-time = "2026-07-22T22:18:22.502Z" },
    { url = "https://files.pythonhosted.org/packages/70/b5/d2d3e9ae73362ba4229651b0ee1455cf78073a1ce585f6ff693782ce263e/pandas-3.0.5-cp312-cp312-win_amd64.whl", hash = "sha256:80a611068e8a3ac23f7398c6c14eb46dc974e5cc9997f653e2dcfd1da74edd41", size = 9831691, upload-time = "2026-07-22T22:18:24.534Z" },
    { url = "https://files.pythonhosted.org/packages/52/51/dea1e89d6a6796b9c43f85a09b484ee03edb8a4c4842e73e200a8c11301c/pandas-3.0.5-cp312-cp312-win_arm64.whl", hash = "sha256:25ff585b972a18ef1fe9ffa3ac6544d9950508aa76832e5147640b6022821e49", size = 9105796, upload-time = "2026-07-22T22:18:27.064Z" },
]

[[package]]
name = "pandas-market-calendars"
version = "5.4.0"
source = { registry = "https://pypi.org/simple" }
dependencies = [
    { name = "exchange-calendars" },
    { name = "pandas" },
]
sdist = { url = "https://files.pythonhosted.org/packages/38/4c/98067cb91b37a137389f978f52410975915268d394c09cf941c490565297/pandas_market_calendars-5.4.0.tar.gz", hash = "sha256:b02f3a0e9bcb4b9e82a5060bf260ef0060ccd398f989b5e6f8208f4352967806", size = 175213, upload-time = "2026-05-27T02:42:05.249Z" }
wheels = [
    { url = "https://files.pythonhosted.org/packages/c0/d3/59b999f7f6a1d173572d3e8f8b07ded7e256c691d02b3b5cacb26479895a/pandas_market_calendars-5.4.0-py3-none-any.whl", hash = "sha256:bb2b93b28d496cab173b41c7d120fd5cd9d506b31f3bb0ad3d1d9f2b60d9d9e3", size = 134904, upload-time = "2026-05-27T02:42:06.35Z" },
]

[[package]]
name = "polars"
version = "1.43.2"
source = { registry = "https://pypi.org/simple" }
dependencies = [
    { name = "polars-runtime-32" },
]
sdist = { url = "https://files.pythonhosted.org/packages/89/13/3873f213304bcbaaf39e63c8b905ceb460a0524448d57f86a829f6d4d0fd/polars-1.43.2.tar.gz", hash = "sha256:c699671b99eb71ff53334d237917aaa3db5ad4dda480abcb6c80e0eaee7b677b", size = 750312, upload-time = "2026-08-01T06:28:30.872Z" }
wheels = [
    { url = "https://files.pythonhosted.org/packages/2b/fe/0888040a24e4504098b85d8ad486b14cb01cf6b030bbe479dfc2dcffc2ac/polars-1.43.2-py3-none-any.whl", hash = "sha256:22aa0cb92a1ee2d60d6a15a638b2e8e0dd99aea21ac0cd8fb29da8e382e075a9", size = 847150, upload-time = "2026-08-01T06:27:15.543Z" },
]

[[package]]
name = "polars-runtime-32"
version = "1.43.2"
source = { registry = "https://pypi.org/simple" }
sdist = { url = "https://files.pythonhosted.org/packages/d4/06/11b578eeef05f867e3ee31b2a2fdd8e7684c2aa47822c49935d1be789c38/polars_runtime_32-1.43.2.tar.gz", hash = "sha256:d7b7c486bccee75a6af0158b87077da3d054657e3c60036b28644f4e1c7fdbf7", size = 3095669, upload-time = "2026-08-01T06:28:32.315Z" }
wheels = [
    { url = "https://files.pythonhosted.org/packages/59/fc/12e6d4ca34d820297651134cfa35f86c33e898539fc6629cbb35d0089697/polars_runtime_32-1.43.2-cp310-abi3-macosx_10_12_x86_64.whl", hash = "sha256:91abf205d4ec93f92ba95386b7f8776559ae3dfce425ed2e527efa75d117d04a", size = 53088908, upload-time = "2026-08-01T06:27:18.268Z" },
    { url = "https://files.pythonhosted.org/packages/32/81/833b0853551deb810854f96b43dea342b6e6c9b0ea1afcccf774157d519d/polars_runtime_32-1.43.2-cp310-abi3-macosx_11_0_arm64.whl", hash = "sha256:2cc3ff96fd44789b02eb5c15b98dfcb000101636b177d3034fae2feec19b118f", size = 47540529, upload-time = "2026-08-01T06:27:21.391Z" },
    { url = "https://files.pythonhosted.org/packages/83/55/7b2a75af14c9294d97f3bec132dd3018ddcd988bef32b5d28322150b8c11/polars_runtime_32-1.43.2-cp310-abi3-manylinux_2_17_aarch64.manylinux2014_aarch64.whl", hash = "sha256:10ed36e615ab362feb7406e6d084e124b445ad284caa73bd93ae7e65745ed894", size = 51366340, upload-time = "2026-08-01T06:27:24.776Z" },
    { url = "https://files.pythonhosted.org/packages/62/60/64deacb3abc70c52e2d88a808a052d1621c86a48fe9194f2c065579ab1cd/polars_runtime_32-1.43.2-cp310-abi3-manylinux_2_17_x86_64.manylinux2014_x86_64.whl", hash = "sha256:6d5a7ae004a2723ebf4427f6d6a639f30f86af4cf077075f6b35d04711154fc3", size = 57304599, upload-time = "2026-08-01T06:27:27.875Z" },
    { url = "https://files.pythonhosted.org/packages/52/95/d6e3a236d7630e17c40d0ddee839bf2be9acf548fdc0e5ad65ed9ff0cac6/polars_runtime_32-1.43.2-cp310-abi3-musllinux_1_2_aarch64.whl", hash = "sha256:09339eacc6d392206e78aabbaaa37d7276eb969b798f46cb1f367fd718798c60", size = 51520580, upload-time = "2026-08-01T06:27:30.913Z" },
    { url = "https://files.pythonhosted.org/packages/b6/5a/2deb8eac70e9a2ac26d88a66ae7cf52612865026f4f4a5e7ab11ad9d52bf/polars_runtime_32-1.43.2-cp310-abi3-musllinux_1_2_x86_64.whl", hash = "sha256:452b400e59e7f56e4c6437f435e796903272a9388feee12de2bea049ae87025e", size = 55204471, upload-time = "2026-08-01T06:27:33.886Z" },
    { url = "https://files.pythonhosted.org/packages/29/9e/647401ae8a607bc0cc40ed7b8592d5b1be90ded0dc9b9d6d3aeb03f9524b/polars_runtime_32-1.43.2-cp310-abi3-win_amd64.whl", hash = "sha256:00e33c28e321410c8d66e814a90043101e3bdd9ed2c6dabda07565aa8adbbdf1", size = 52572176, upload-time = "2026-08-01T06:27:37.048Z" },
    { url = "https://files.pythonhosted.org/packages/96/8d/60a50c3f36c85218a7ffcb48c6fe2ce1f7bec799152d68b8658ebed2179c/polars_runtime_32-1.43.2-cp310-abi3-win_arm64.whl", hash = "sha256:350a4868cae85bf8b3f81b33ba47927c15256bd9264dfc8c0753f1b927eac9d3", size = 46582513, upload-time = "2026-08-01T06:27:40.025Z" },
]

[[package]]
name = "pyluach"
version = "2.3.0"
source = { registry = "https://pypi.org/simple" }
sdist = { url = "https://files.pythonhosted.org/packages/11/11/42568c1568a75f8803c59f26d29af01a0890352b7a8e03d41ecda8bfb5dd/pyluach-2.3.0.tar.gz", hash = "sha256:ec6e30669d1df50c9ca160486da44a8195bb4c7a5d3d533990d0c5b03accd281", size = 26910, upload-time = "2025-09-09T20:24:39.651Z" }
wheels = [
    { url = "https://files.pythonhosted.org/packages/8a/c8/f96208ade3ca4c23b372497d0788bcf0f2e0ff4310e5ee693366bc33fdf0/pyluach-2.3.0-py3-none-any.whl", hash = "sha256:4497b731aef59508b079dbf5f00bc5bf4329ac45090a6cd37b5a83756f0e69ab", size = 25914, upload-time = "2025-09-09T20:24:37.831Z" },
]

[[package]]
name = "python-dateutil"
version = "2.9.0.post0"
source = { registry = "https://pypi.org/simple" }
dependencies = [
    { name = "six" },
]
sdist = { url = "https://files.pythonhosted.org/packages/66/c0/0c8b6ad9f17a802ee498c46e004a0eb49bc148f2fd230864601a86dcf6db/python-dateutil-2.9.0.post0.tar.gz", hash = "sha256:37dd54208da7e1cd875388217d5e00ebd4179249f90fb72437e91a35459a0ad3", size = 342432, upload-time = "2024-03-01T18:36:20.211Z" }
wheels = [
    { url = "https://files.pythonhosted.org/packages/ec/57/56b9bcc3c9c6a792fcbaf139543cee77261f3651ca9da0c93f5c1221264b/python_dateutil-2.9.0.post0-py2.py3-none-any.whl", hash = "sha256:a8b2bc7bffae282281c8140a97d3aa9c14da0b136dfe83f850eea9a5f7470427", size = 229892, upload-time = "2024-03-01T18:36:18.57Z" },
]

[[package]]
name = "pyyaml"
version = "6.0.3"
source = { registry = "https://pypi.org/simple" }
sdist = { url = "https://files.pythonhosted.org/packages/05/8e/961c0007c59b8dd7729d542c61a4d537767a59645b82a0b521206e1e25c2/pyyaml-6.0.3.tar.gz", hash = "sha256:d76623373421df22fb4cf8817020cbb7ef15c725b9d5e45f17e189bfc384190f", size = 130960, upload-time = "2025-09-25T21:33:16.546Z" }
wheels = [
    { url = "https://files.pythonhosted.org/packages/d1/33/422b98d2195232ca1826284a76852ad5a86fe23e31b009c9886b2d0fb8b2/pyyaml-6.0.3-cp312-cp312-macosx_10_13_x86_64.whl", hash = "sha256:7f047e29dcae44602496db43be01ad42fc6f1cc0d8cd6c83d342306c32270196", size = 182063, upload-time = "2025-09-25T21:32:11.445Z" },
    { url = "https://files.pythonhosted.org/packages/89/a0/6cf41a19a1f2f3feab0e9c0b74134aa2ce6849093d5517a0c550fe37a648/pyyaml-6.0.3-cp312-cp312-macosx_11_0_arm64.whl", hash = "sha256:fc09d0aa354569bc501d4e787133afc08552722d3ab34836a80547331bb5d4a0", size = 173973, upload-time = "2025-09-25T21:32:12.492Z" },
    { url = "https://files.pythonhosted.org/packages/ed/23/7a778b6bd0b9a8039df8b1b1d80e2e2ad78aa04171592c8a5c43a56a6af4/pyyaml-6.0.3-cp312-cp312-manylinux2014_aarch64.manylinux_2_17_aarch64.manylinux_2_28_aarch64.whl", hash = "sha256:9149cad251584d5fb4981be1ecde53a1ca46c891a79788c0df828d2f166bda28", size = 775116, upload-time = "2025-09-25T21:32:13.652Z" },
    { url = "https://files.pythonhosted.org/packages/65/30/d7353c338e12baef4ecc1b09e877c1970bd3382789c159b4f89d6a70dc09/pyyaml-6.0.3-cp312-cp312-manylinux2014_s390x.manylinux_2_17_s390x.manylinux_2_28_s390x.whl", hash = "sha256:5fdec68f91a0c6739b380c83b951e2c72ac0197ace422360e6d5a959d8d97b2c", size = 844011, upload-time = "2025-09-25T21:32:15.21Z" },
    { url = "https://files.pythonhosted.org/packages/8b/9d/b3589d3877982d4f2329302ef98a8026e7f4443c765c46cfecc8858c6b4b/pyyaml-6.0.3-cp312-cp312-manylinux2014_x86_64.manylinux_2_17_x86_64.manylinux_2_28_x86_64.whl", hash = "sha256:ba1cc08a7ccde2d2ec775841541641e4548226580ab850948cbfda66a1befcdc", size = 807870, upload-time = "2025-09-25T21:32:16.431Z" },
    { url = "https://files.pythonhosted.org/packages/05/c0/b3be26a015601b822b97d9149ff8cb5ead58c66f981e04fedf4e762f4bd4/pyyaml-6.0.3-cp312-cp312-musllinux_1_2_aarch64.whl", hash = "sha256:8dc52c23056b9ddd46818a57b78404882310fb473d63f17b07d5c40421e47f8e", size = 761089, upload-time = "2025-09-25T21:32:17.56Z" },
    { url = "https://files.pythonhosted.org/packages/be/8e/98435a21d1d4b46590d5459a22d88128103f8da4c2d4cb8f14f2a96504e1/pyyaml-6.0.3-cp312-cp312-musllinux_1_2_x86_64.whl", hash = "sha256:41715c910c881bc081f1e8872880d3c650acf13dfa8214bad49ed4cede7c34ea", size = 790181, upload-time = "2025-09-25T21:32:18.834Z" },
    { url = "https://files.pythonhosted.org/packages/74/93/7baea19427dcfbe1e5a372d81473250b379f04b1bd3c4c5ff825e2327202/pyyaml-6.0.3-cp312-cp312-win32.whl", hash = "sha256:96b533f0e99f6579b3d4d4995707cf36df9100d67e0c8303a0c55b27b5f99bc5", size = 137658, upload-time = "2025-09-25T21:32:20.209Z" },
    { url = "https://files.pythonhosted.org/packages/86/bf/899e81e4cce32febab4fb42bb97dcdf66bc135272882d1987881a4b519e9/pyyaml-6.0.3-cp312-cp312-win_amd64.whl", hash = "sha256:5fcd34e47f6e0b794d17de1b4ff496c00986e1c83f7ab2fb8fcfe9616ff7477b", size = 154003, upload-time = "2025-09-25T21:32:21.167Z" },
    { url = "https://files.pythonhosted.org/packages/1a/08/67bd04656199bbb51dbed1439b7f27601dfb576fb864099c7ef0c3e55531/pyyaml-6.0.3-cp312-cp312-win_arm64.whl", hash = "sha256:64386e5e707d03a7e172c0701abfb7e10f0fb753ee1d773128192742712a98fd", size = 140344, upload-time = "2025-09-25T21:32:22.617Z" },
]

[[package]]
name = "six"
version = "1.17.0"
source = { registry = "https://pypi.org/simple" }
sdist = { url = "https://files.pythonhosted.org/packages/94/e7/b2c673351809dca68a0e064b6af791aa332cf192da575fd474ed7d6f16a2/six-1.17.0.tar.gz", hash = "sha256:ff70335d468e7eb6ec65b95b99d3a2836546063f63acc5171de367e834932a81", size = 34031, upload-time = "2024-12-04T17:35:28.174Z" }
wheels = [
    { url = "https://files.pythonhosted.org/packages/b7/ce/149a00dd41f10bc29e5921b496af8b574d8413afcd5e30dfa0ed46c2cc5e/six-1.17.0-py2.py3-none-any.whl", hash = "sha256:4721f391ed90541fddacab5acf947aa0d3dc7d27b2e1e8eda2be8970586c3274", size = 11050, upload-time = "2024-12-04T17:35:26.475Z" },
]

[[package]]
name = "toolz"
version = "1.1.0"
source = { registry = "https://pypi.org/simple" }
sdist = { url = "https://files.pythonhosted.org/packages/11/d6/114b492226588d6ff54579d95847662fc69196bdeec318eb45393b24c192/toolz-1.1.0.tar.gz", hash = "sha256:27a5c770d068c110d9ed9323f24f1543e83b2f300a687b7891c1a6d56b697b5b", size = 52613, upload-time = "2025-10-17T04:03:21.661Z" }
wheels = [
    { url = "https://files.pythonhosted.org/packages/fb/12/5911ae3eeec47800503a238d971e51722ccea5feb8569b735184d5fcdbc0/toolz-1.1.0-py3-none-any.whl", hash = "sha256:15ccc861ac51c53696de0a5d6d4607f99c210739caf987b5d2054f3efed429d8", size = 58093, upload-time = "2025-10-17T04:03:20.435Z" },
]

[[package]]
name = "tzdata"
version = "2026.3"
source = { registry = "https://pypi.org/simple" }
sdist = { url = "https://files.pythonhosted.org/packages/92/ff/5a28bdfd8c3ebec42564ac7d0e54ca3db65044a9314a97f9564fa7a1e926/tzdata-2026.3.tar.gz", hash = "sha256:4a1518b8993086a7982523e071643f3c0e5f213e75b21318e78bcabfff9d1415", size = 198674, upload-time = "2026-07-10T08:50:37.887Z" }
wheels = [
    { url = "https://files.pythonhosted.org/packages/e5/6d/b53b99a9f2766d095985947a5782f1702cabb129a34f7a802d7197af832f/tzdata-2026.3-py2.py3-none-any.whl", hash = "sha256:dc096730c87af6cab1b171c9d532be840741ff5d459015e7f6947bd7d7e54931", size = 348168, upload-time = "2026-07-10T08:50:36.46Z" },
]
